
Microsoft Visual Studio Solution File, Format Version 12.00
# Visual Studio 15
VisualStudioVersion = 15.0.28307.572
MinimumVisualStudioVersion = 10.0.40219.1
Project("{9A19103F-16F7-4668-BE54-9A1E7A4F7556}") = "DaveConfig", "DaveConfig\DaveConfig.csproj", "{FAC82D51-6800-48B3-9151-304A19CF982B}"
EndProject
Project("{9A19103F-16F7-4668-BE54-9A1E7A4F7556}") = "DaveConfig.Test", "DaveConfig.Test\DaveConfig.Test.csproj", "{96511C98-9CBA-4DD7-B5D3-5EDDA0867C76}"
EndProject
Project("{FAE04EC0-301F-11D3-BF4B-00C04F79EFBC}") = "DaveConfig.Example.BasicUsage", "DaveConfig.Example.BasicUsage\DaveConfig.Example.BasicUsage.csproj", "{E9F180C2-FC5A-4AC0-99DB-DF54B3FDB913}"
EndProject
Project("{9A19103F-16F7-4668-BE54-9A1E7A4F7556}") = "DaveConfig.ExtensiveContainer", "DaveConfig.ExtensiveContainer\DaveConfig.ExtensiveContainer.csproj", "{E2202CF1-B96C-47E9-9A27-16B94B9F8AA6}"
EndProject
Project("{9A19103F-16F7-4668-BE54-9A1E7A4F7556}") = "DaveConfig.ExtensiveContainer.Test", "DaveConfig.ExtensiveContainer.Test\DaveConfig.ExtensiveContainer.Test.csproj", "{D15D73F5-CEA6-424B-854C-A5660D1B421C}"
EndProject
Project("{9A19103F-16F7-4668-BE54-9A1E7A4F7556}") = "DaveConfig.SerializedSections", "DaveConfig.SerializedSections\DaveConfig.SerializedSections.csproj", "{BFC69922-8F63-4D55-8E7D-E14685D8506B}"
EndProject
Project("{FAE04EC0-301F-11D3-BF4B-00C04F79EFBC}") = "DaveConfig.SerializedSections.Test", "DaveConfig.SerializedSections.Test\DaveConfig.SerializedSections.Test.csproj", "{78F0642E-CC22-4509-8B30-30C3A3570C60}"
EndProject
Global
	GlobalSection(SolutionConfigurationPlatforms) = preSolution
		Debug|Any CPU = Debug|Any CPU
		Release|Any CPU = Release|Any CPU
	EndGlobalSection
	GlobalSection(ProjectConfigurationPlatforms) = postSolution
		{FAC82D51-6800-48B3-9151-304A19CF982B}.Debug|Any CPU.ActiveCfg = Debug|Any CPU
		{FAC82D51-6800-48B3-9151-304A19CF982B}.Debug|Any CPU.Build.0 = Debug|Any CPU
		{FAC82D51-6800-48B3-9151-304A19CF982B}.Release|Any CPU.ActiveCfg = Release|Any CPU
		{FAC82D51-6800-48B3-9151-304A19CF982B}.Release|Any CPU.Build.0 = Release|Any CPU
		{96511C98-9CBA-4DD7-B5D3-5EDDA0867C76}.Debug|Any CPU.ActiveCfg = Debug|Any CPU
		{96511C98-9CBA-4DD7-B5D3-5EDDA0867C76}.Debug|Any CPU.Build.0 = Debug|Any CPU
		{96511C98-9CBA-4DD7-B5D3-5EDDA0867C76}.Release|Any CPU.ActiveCfg = Release|Any CPU
		{96511C98-9CBA-4DD7-B5D3-5EDDA0867C76}.Release|Any CPU.Build.0 = Release|Any CPU
		{E9F180C2-FC5A-4AC0-99DB-DF54B3FDB913}.Debug|Any CPU.ActiveCfg = Debug|Any CPU
		{E9F180C2-FC5A-4AC0-99DB-DF54B3FDB913}.Debug|Any CPU.Build.0 = Debug|Any CPU
		{E9F180C2-FC5A-4AC0-99DB-DF54B3FDB913}.Release|Any CPU.ActiveCfg = Release|Any CPU
		{E9F180C2-FC5A-4AC0-99DB-DF54B3FDB913}.Release|Any CPU.Build.0 = Release|Any CPU
		{E2202CF1-B96C-47E9-9A27-16B94B9F8AA6}.Debug|Any CPU.ActiveCfg = Debug|Any CPU
		{E2202CF1-B96C-47E9-9A27-16B94B9F8AA6}.Debug|Any CPU.Build.0 = Debug|Any CPU
		{E2202CF1-B96C-47E9-9A27-16B94B9F8AA6}.Release|Any CPU.ActiveCfg = Release|Any CPU
		{E2202CF1-B96C-47E9-9A27-16B94B9F8AA6}.Release|Any CPU.Build.0 = Release|Any CPU
		{D15D73F5-CEA6-424B-854C-A5660D1B421C}.Debug|Any CPU.ActiveCfg = Debug|Any CPU
		{D15D73F5-CEA6-424B-854C-A5660D1B421C}.Debug|Any CPU.Build.0 = Debug|Any CPU
		{D15D73F5-CEA6-424B-854C-A5660D1B421C}.Release|Any CPU.ActiveCfg = Release|Any CPU
		{D15D73F5-CEA6-424B-854C-A5660D1B421C}.Release|Any CPU.Build.0 = Release|Any CPU
		{BFC69922-8F63-4D55-8E7D-E14685D8506B}.Debug|Any CPU.ActiveCfg = Debug|Any CPU
		{BFC69922-8F63-4D55-8E7D-E14685D8506B}.Debug|Any CPU.Build.0 = Debug|Any CPU
		{BFC69922-8F63-4D55-8E7D-E14685D8506B}.Release|Any CPU.ActiveCfg = Release|Any CPU
		{BFC69922-8F63-4D55-8E7D-E14685D8506B}.Release|Any CPU.Build.0 = Release|Any CPU
		{78F0642E-CC22-4509-8B30-30C3A3570C60}.Debug|Any CPU.ActiveCfg = Debug|Any CPU
		{78F0642E-CC22-4509-8B30-30C3A3570C60}.Debug|Any CPU.Build.0 = Debug|Any CPU
		{78F0642E-CC22-4509-8B30-30C3A3570C60}.Release|Any CPU.ActiveCfg = Release|Any CPU
		{78F0642E-CC22-4509-8B30-30C3A3570C60}.Release|Any CPU.Build.0 = Release|Any CPU
	EndGlobalSection
	GlobalSection(SolutionProperties) = preSolution
		HideSolutionNode = FALSE
	EndGlobalSection
	GlobalSection(ExtensibilityGlobals) = postSolution
		SolutionGuid = {1AB297F8-5D32-4500-AF2B-BB34A367DB0C}
	EndGlobalSection
EndGlobal
